
Microsoft Visual Studio Solution File, Format Version 12.00
# Visual Studio Version 16
VisualStudioVersion = 16.0.30225.117
MinimumVisualStudioVersion = 10.0.40219.1
Project("{FAE04EC0-301F-11D3-BF4B-00C04F79EFBC}") = "GYM people", "GYM people\GYM people.csproj", "{E6811863-786E-4E87-B242-2C20CC8416C3}"
EndProject
Global
	GlobalSection(SolutionConfigurationPlatforms) = preSolution
		Debug|Any CPU = Debug|Any CPU
		Release|Any CPU = Release|Any CPU
	EndGlobalSection
	GlobalSection(ProjectConfigurationPlatforms) = postSolution
		{E6811863-786E-4E87-B242-2C20CC8416C3}.Debug|Any CPU.ActiveCfg = Debug|Any CPU
		{E6811863-786E-4E87-B242-2C20CC8416C3}.Debug|Any CPU.Build.0 = Debug|Any CPU
		{E6811863-786E-4E87-B242-2C20CC8416C3}.Release|Any CPU.ActiveCfg = Release|Any CPU
		{E6811863-786E-4E87-B242-2C20CC8416C3}.Release|Any CPU.Build.0 = Release|Any CPU
	EndGlobalSection
	GlobalSection(SolutionProperties) = preSolution
		HideSolutionNode = FALSE
	EndGlobalSection
	GlobalSection(ExtensibilityGlobals) = postSolution
		SolutionGuid = {C361EAE7-D906-422C-AC25-60FF47CF8056}
	EndGlobalSection
EndGlobal
